
Microsoft Visual Studio Solution File, Format Version 12.00
# Visual Studio Version 17
VisualStudioVersion = 17.9.34622.214
MinimumVisualStudioVersion = 10.0.40219.1
Project("{FAE04EC0-301F-11D3-BF4B-00C04F79EFBC}") = "Mc3ling", "Mc3ling\Mc3ling.csproj", "{46CE9C26-6D1C-460E-A06D-006FA896B1CF}"
EndProject
Global
	GlobalSection(SolutionConfigurationPlatforms) = preSolution
		Debug|Any CPU = Debug|Any CPU
		Release|Any CPU = Release|Any CPU
	EndGlobalSection
	GlobalSection(ProjectConfigurationPlatforms) = postSolution
		{46CE9C26-6D1C-460E-A06D-006FA896B1CF}.Debug|Any CPU.ActiveCfg = Debug|Any CPU
		{46CE9C26-6D1C-460E-A06D-006FA896B1CF}.Debug|Any CPU.Build.0 = Debug|Any CPU
		{46CE9C26-6D1C-460E-A06D-006FA896B1CF}.Release|Any CPU.ActiveCfg = Release|Any CPU
		{46CE9C26-6D1C-460E-A06D-006FA896B1CF}.Release|Any CPU.Build.0 = Release|Any CPU
	EndGlobalSection
	GlobalSection(SolutionProperties) = preSolution
		HideSolutionNode = FALSE
	EndGlobalSection
	GlobalSection(ExtensibilityGlobals) = postSolution
		SolutionGuid = {A7F398A6-805F-475D-B97D-2628DD857083}
	EndGlobalSection
EndGlobal
